// !$*UTF8*$!
{
	archiveVersion = 1;
	classes = {
	};
	objectVersion = 46;
	objects = {

/* Begin PBXBuildFile section */
		8F0800971E9E51BD00075D3C /* CostInputTableSection.storyboard in Resources */ = {isa = PBXBuildFile; fileRef = 8F0800961E9E51BD00075D3C /* CostInputTableSection.storyboard */; };
		8F9F549A1E992F2E00ACFA80 /* ShopEditTableViewController.swift in Sources */ = {isa = PBXBuildFile; fileRef = 8F9F54991E992F2E00ACFA80 /* ShopEditTableViewController.swift */; };
		8F9F549C1E992F7D00ACFA80 /* ShopInputTableViewController.swift in Sources */ = {isa = PBXBuildFile; fileRef = 8F9F549B1E992F7D00ACFA80 /* ShopInputTableViewController.swift */; };
		8F9F549E1E992FEE00ACFA80 /* ShopInputCell.swift in Sources */ = {isa = PBXBuildFile; fileRef = 8F9F549D1E992FEE00ACFA80 /* ShopInputCell.swift */; };
		8FC4F5E81ECC610D005D3E5A /* ReportViewController.swift in Sources */ = {isa = PBXBuildFile; fileRef = 8FC4F5E71ECC610D005D3E5A /* ReportViewController.swift */; };
		8FEAB93A1A06F938FE596F7B /* Pods_ikakeibo2.framework in Frameworks */ = {isa = PBXBuildFile; fileRef = 24513563B810FA678B292733 /* Pods_ikakeibo2.framework */; };
		A5D3B8CD5A50E1D5C2E5D501 /* Pods_ikakeibo2Tests.framework in Frameworks */ = {isa = PBXBuildFile; fileRef = C63B36193C812CC9C3C8C747 /* Pods_ikakeibo2Tests.framework */; };
		CE025D451EB72B1B00415560 /* IconSelectTableViewController.swift in Sources */ = {isa = PBXBuildFile; fileRef = CE025D441EB72B1B00415560 /* IconSelectTableViewController.swift */; };
		CE025D481EB73D5800415560 /* CsvImportViewController.m in Sources */ = {isa = PBXBuildFile; fileRef = CE025D471EB73D5800415560 /* CsvImportViewController.m */; };
		CE025D4D1EB73DE600415560 /* CsvFileReader.m in Sources */ = {isa = PBXBuildFile; fileRef = CE025D4A1EB73DE600415560 /* CsvFileReader.m */; };
		CE025D4E1EB73DE600415560 /* CsvFileWriter.m in Sources */ = {isa = PBXBuildFile; fileRef = CE025D4C1EB73DE600415560 /* CsvFileWriter.m */; };
		CE025D501EB75E3B00415560 /* ImportCsv.storyboard in Resources */ = {isa = PBXBuildFile; fileRef = CE025D4F1EB75E3B00415560 /* ImportCsv.storyboard */; };
		CE0597941E9648DC00F84DA7 /* ItemEditTableViewController.swift in Sources */ = {isa = PBXBuildFile; fileRef = CE0597931E9648DC00F84DA7 /* ItemEditTableViewController.swift */; };
		CE0597961E964A9400F84DA7 /* ItemInputCell.swift in Sources */ = {isa = PBXBuildFile; fileRef = CE0597951E964A9400F84DA7 /* ItemInputCell.swift */; };
		CE0597991E966A9400F84DA7 /* ItemInputTableViewController.swift in Sources */ = {isa = PBXBuildFile; fileRef = CE0597981E966A9400F84DA7 /* ItemInputTableViewController.swift */; };
		CE076CAE1EB86DA5001B750F /* RealmObjects.swift in Sources */ = {isa = PBXBuildFile; fileRef = CE076CAD1EB86DA5001B750F /* RealmObjects.swift */; };
		CE082A051E9A4D83009FA4B4 /* ShopSelectTableViewController.swift in Sources */ = {isa = PBXBuildFile; fileRef = CE082A041E9A4D83009FA4B4 /* ShopSelectTableViewController.swift */; };
		CE082A071E9A599F009FA4B4 /* PaymentSelectTableViewController.swift in Sources */ = {isa = PBXBuildFile; fileRef = CE082A061E9A599F009FA4B4 /* PaymentSelectTableViewController.swift */; };
		CE099BBC1EB8A930004CAD71 /* LoadingView.m in Sources */ = {isa = PBXBuildFile; fileRef = CE099BBB1EB8A930004CAD71 /* LoadingView.m */; };
		CE0EBAA61E9CF56F00C01358 /* InputAccessoryView.m in Sources */ = {isa = PBXBuildFile; fileRef = CE0EBAA51E9CF56F00C01358 /* InputAccessoryView.m */; };
		CE0FB3121E8FE01400DB5C4E /* MainTabBarController.swift in Sources */ = {isa = PBXBuildFile; fileRef = CE0FB3111E8FE01400DB5C4E /* MainTabBarController.swift */; };
		CE1195741ECE48D70011D5CA /* YearsSelectionView.xib in Resources */ = {isa = PBXBuildFile; fileRef = CE1195731ECE48D70011D5CA /* YearsSelectionView.xib */; };
		CE34AC6C1E993E0300AB873C /* ShopSelectCell.swift in Sources */ = {isa = PBXBuildFile; fileRef = CE34AC6B1E993E0300AB873C /* ShopSelectCell.swift */; };
		CE34AC721E99497D00AB873C /* PaymentEditTableViewController.swift in Sources */ = {isa = PBXBuildFile; fileRef = CE34AC6E1E99497D00AB873C /* PaymentEditTableViewController.swift */; };
		CE34AC731E99497D00AB873C /* PaymentInputCell.swift in Sources */ = {isa = PBXBuildFile; fileRef = CE34AC6F1E99497D00AB873C /* PaymentInputCell.swift */; };
		CE34AC741E99497D00AB873C /* PaymentInputTableViewController.swift in Sources */ = {isa = PBXBuildFile; fileRef = CE34AC701E99497D00AB873C /* PaymentInputTableViewController.swift */; };
		CE34AC751E99497D00AB873C /* PaymentSelectCell.swift in Sources */ = {isa = PBXBuildFile; fileRef = CE34AC711E99497D00AB873C /* PaymentSelectCell.swift */; };
		CE3773B81ED44C0800960FF3 /* ColorPickViewController.m in Sources */ = {isa = PBXBuildFile; fileRef = CE3773B71ED44C0800960FF3 /* ColorPickViewController.m */; };
		CE3AD29E1E7B447B00BF3890 /* DHUITextField.m in Sources */ = {isa = PBXBuildFile; fileRef = CE3AD29D1E7B447B00BF3890 /* DHUITextField.m */; };
		CE47A4801EB8D591005B8CA9 /* MessageUI.framework in Frameworks */ = {isa = PBXBuildFile; fileRef = CE47A47F1EB8D591005B8CA9 /* MessageUI.framework */; };
		CE47A4871EB967DD005B8CA9 /* IncomeEditTableViewController.swift in Sources */ = {isa = PBXBuildFile; fileRef = CE47A4821EB967DD005B8CA9 /* IncomeEditTableViewController.swift */; };
		CE47A4881EB967DD005B8CA9 /* IncomeInputCell.swift in Sources */ = {isa = PBXBuildFile; fileRef = CE47A4831EB967DD005B8CA9 /* IncomeInputCell.swift */; };
		CE47A4891EB967DD005B8CA9 /* IncomeInputTableViewController.swift in Sources */ = {isa = PBXBuildFile; fileRef = CE47A4841EB967DD005B8CA9 /* IncomeInputTableViewController.swift */; };
		CE47A48A1EB967DD005B8CA9 /* IncomeSelectCell.swift in Sources */ = {isa = PBXBuildFile; fileRef = CE47A4851EB967DD005B8CA9 /* IncomeSelectCell.swift */; };
		CE47A48B1EB967DD005B8CA9 /* IncomeSelectTableViewController.swift in Sources */ = {isa = PBXBuildFile; fileRef = CE47A4861EB967DD005B8CA9 /* IncomeSelectTableViewController.swift */; };
		CE4AB4361ECC331A00EF9BC4 /* Report.storyboard in Resources */ = {isa = PBXBuildFile; fileRef = CE4AB4351ECC331A00EF9BC4 /* Report.storyboard */; };
		CE53E9631EB834CC00BA7A00 /* CSVExport.swift in Sources */ = {isa = PBXBuildFile; fileRef = CE53E9621EB834CC00BA7A00 /* CSVExport.swift */; };
		CE71ADC71ECF246D00EF586A /* YearsSelectionView.swift in Sources */ = {isa = PBXBuildFile; fileRef = CE71ADC61ECF246D00EF586A /* YearsSelectionView.swift */; };
		CE741B121ECC552E003D9487 /* CircleGraphView.swift in Sources */ = {isa = PBXBuildFile; fileRef = CE741B111ECC552E003D9487 /* CircleGraphView.swift */; };
		CE745F371E868EFD0086621E /* DHLibrary.m in Sources */ = {isa = PBXBuildFile; fileRef = CE745F361E868EFD0086621E /* DHLibrary.m */; };
		CE745F3A1E8692A10086621E /* Localizable.strings in Resources */ = {isa = PBXBuildFile; fileRef = CE745F391E8692A10086621E /* Localizable.strings */; };
		CE74CCC41EA80F320077CCCC /* DateExtension.swift in Sources */ = {isa = PBXBuildFile; fileRef = CE74CCC31EA80F320077CCCC /* DateExtension.swift */; };
		CE7A18641EB70BD400E4281C /* iconRed.png in Resources */ = {isa = PBXBuildFile; fileRef = CE7A18631EB70BD400E4281C /* iconRed.png */; };
		CE7A18661EB710F900E4281C /* iconDefault.png in Resources */ = {isa = PBXBuildFile; fileRef = CE7A18651EB710F900E4281C /* iconDefault.png */; };
		CE7A186A1EB71A1100E4281C /* iconBlue.png in Resources */ = {isa = PBXBuildFile; fileRef = CE7A18691EB71A1100E4281C /* iconBlue.png */; };
		CE84FCCA1E8D33C90058F367 /* CostInput.storyboard in Resources */ = {isa = PBXBuildFile; fileRef = CE84FCC81E8D33C90058F367 /* CostInput.storyboard */; };
		CE9086111ED8596E00CFDE71 /* UIColorExtension.swift in Sources */ = {isa = PBXBuildFile; fileRef = CE9086101ED8596E00CFDE71 /* UIColorExtension.swift */; };
		CEA779E21E93A52300227484 /* ItemSelectCell.swift in Sources */ = {isa = PBXBuildFile; fileRef = CEA779E11E93A52300227484 /* ItemSelectCell.swift */; };
		CEAC170B1E9FA0E800C675DA /* CostList.storyboard in Resources */ = {isa = PBXBuildFile; fileRef = CEAC170A1E9FA0E800C675DA /* CostList.storyboard */; };
		CEAE7ED61E7AC1EA00E19DD7 /* SettingsTableViewController.swift in Sources */ = {isa = PBXBuildFile; fileRef = CEAE7ED51E7AC1EA00E19DD7 /* SettingsTableViewController.swift */; };
		CEBD5E991E789B2200E8B5F2 /* AppDelegate.swift in Sources */ = {isa = PBXBuildFile; fileRef = CEBD5E981E789B2200E8B5F2 /* AppDelegate.swift */; };
		CEBD5E9E1E789B2200E8B5F2 /* Main.storyboard in Resources */ = {isa = PBXBuildFile; fileRef = CEBD5E9C1E789B2200E8B5F2 /* Main.storyboard */; };
		CEBD5EA01E789B2200E8B5F2 /* Assets.xcassets in Resources */ = {isa = PBXBuildFile; fileRef = CEBD5E9F1E789B2200E8B5F2 /* Assets.xcassets */; };
		CEBD5EA31E789B2200E8B5F2 /* LaunchScreen.storyboard in Resources */ = {isa = PBXBuildFile; fileRef = CEBD5EA11E789B2200E8B5F2 /* LaunchScreen.storyboard */; };
		CEBD5EAE1E789B2200E8B5F2 /* ikakeibo2Tests.swift in Sources */ = {isa = PBXBuildFile; fileRef = CEBD5EAD1E789B2200E8B5F2 /* ikakeibo2Tests.swift */; };
		CEBD5EB91E789B2200E8B5F2 /* ikakeibo2UITests.swift in Sources */ = {isa = PBXBuildFile; fileRef = CEBD5EB81E789B2200E8B5F2 /* ikakeibo2UITests.swift */; };
		CEBD5EC71E789B9900E8B5F2 /* CostTableViewController.swift in Sources */ = {isa = PBXBuildFile; fileRef = CEBD5EC61E789B9900E8B5F2 /* CostTableViewController.swift */; };
		CEBD6E081E85C8C8001E2078 /* RealmDataCenter.swift in Sources */ = {isa = PBXBuildFile; fileRef = CEBD6E071E85C8C8001E2078 /* RealmDataCenter.swift */; };
		CEC50C751E90EA8300BB5317 /* CostInputCell.m in Sources */ = {isa = PBXBuildFile; fileRef = CEC50C741E90EA8300BB5317 /* CostInputCell.m */; };
		CEC50C771E9101A100BB5317 /* ItemSelectTableViewController.swift in Sources */ = {isa = PBXBuildFile; fileRef = CEC50C761E9101A100BB5317 /* ItemSelectTableViewController.swift */; };
		CEE5C9D51E8EA5C000CA2600 /* Settings.storyboard in Resources */ = {isa = PBXBuildFile; fileRef = CEE5C9D41E8EA5C000CA2600 /* Settings.storyboard */; };
		CEF399461ED790BC006B1748 /* UITableViewControllerExtension.swift in Sources */ = {isa = PBXBuildFile; fileRef = CEF399451ED790BC006B1748 /* UITableViewControllerExtension.swift */; };
		CEFAFA691E90B644002D0BF4 /* CostInputTableViewController.swift in Sources */ = {isa = PBXBuildFile; fileRef = CEFAFA681E90B644002D0BF4 /* CostInputTableViewController.swift */; };
		D295FAA0060847770BFB075B /* Pods_ikakeibo2UITests.framework in Frameworks */ = {isa = PBXBuildFile; fileRef = BC618086276153FF8BA113D8 /* Pods_ikakeibo2UITests.framework */; };
/* End PBXBuildFile section */

/* Begin PBXContainerItemProxy section */
		CEBD5EAA1E789B2200E8B5F2 /* PBXContainerItemProxy */ = {
			isa = PBXContainerItemProxy;
			containerPortal = CEBD5E8D1E789B2100E8B5F2 /* Project object */;
			proxyType = 1;
			remoteGlobalIDString = CEBD5E941E789B2100E8B5F2;
			remoteInfo = ikakeibo2;
		};
		CEBD5EB51E789B2200E8B5F2 /* PBXContainerItemProxy */ = {
			isa = PBXContainerItemProxy;
			containerPortal = CEBD5E8D1E789B2100E8B5F2 /* Project object */;
			proxyType = 1;
			remoteGlobalIDString = CEBD5E941E789B2100E8B5F2;
			remoteInfo = ikakeibo2;
		};
/* End PBXContainerItemProxy section */

/* Begin PBXFileReference section */
		24513563B810FA678B292733 /* Pods_ikakeibo2.framework */ = {isa = PBXFileReference; explicitFileType = wrapper.framework; includeInIndex = 0; path = Pods_ikakeibo2.framework; sourceTree = BUILT_PRODUCTS_DIR; };
		61726AE9A99D422586941CC0 /* Pods-ikakeibo2Tests.release.xcconfig */ = {isa = PBXFileReference; includeInIndex = 1; lastKnownFileType = text.xcconfig; name = "Pods-ikakeibo2Tests.release.xcconfig"; path = "Pods/Target Support Files/Pods-ikakeibo2Tests/Pods-ikakeibo2Tests.release.xcconfig"; sourceTree = "<group>"; };
		70A0FA4331B6A5B3224E651E /* Pods-ikakeibo2UITests.debug.xcconfig */ = {isa = PBXFileReference; includeInIndex = 1; lastKnownFileType = text.xcconfig; name = "Pods-ikakeibo2UITests.debug.xcconfig"; path = "Pods/Target Support Files/Pods-ikakeibo2UITests/Pods-ikakeibo2UITests.debug.xcconfig"; sourceTree = "<group>"; };
		7A78355DFE6A5C6C9277D764 /* Pods-ikakeibo2UITests.release.xcconfig */ = {isa = PBXFileReference; includeInIndex = 1; lastKnownFileType = text.xcconfig; name = "Pods-ikakeibo2UITests.release.xcconfig"; path = "Pods/Target Support Files/Pods-ikakeibo2UITests/Pods-ikakeibo2UITests.release.xcconfig"; sourceTree = "<group>"; };
		8F0800961E9E51BD00075D3C /* CostInputTableSection.storyboard */ = {isa = PBXFileReference; fileEncoding = 4; lastKnownFileType = file.storyboard; path = CostInputTableSection.storyboard; sourceTree = "<group>"; };
		8F9F54991E992F2E00ACFA80 /* ShopEditTableViewController.swift */ = {isa = PBXFileReference; fileEncoding = 4; lastKnownFileType = sourcecode.swift; path = ShopEditTableViewController.swift; sourceTree = "<group>"; };
		8F9F549B1E992F7D00ACFA80 /* ShopInputTableViewController.swift */ = {isa = PBXFileReference; fileEncoding = 4; lastKnownFileType = sourcecode.swift; path = ShopInputTableViewController.swift; sourceTree = "<group>"; };
		8F9F549D1E992FEE00ACFA80 /* ShopInputCell.swift */ = {isa = PBXFileReference; fileEncoding = 4; lastKnownFileType = sourcecode.swift; path = ShopInputCell.swift; sourceTree = "<group>"; };
		8FC4F5E71ECC610D005D3E5A /* ReportViewController.swift */ = {isa = PBXFileReference; fileEncoding = 4; lastKnownFileType = sourcecode.swift; path = ReportViewController.swift; sourceTree = "<group>"; };
		9BD1A7861A23627F30B021BD /* Pods-ikakeibo2Tests.debug.xcconfig */ = {isa = PBXFileReference; includeInIndex = 1; lastKnownFileType = text.xcconfig; name = "Pods-ikakeibo2Tests.debug.xcconfig"; path = "Pods/Target Support Files/Pods-ikakeibo2Tests/Pods-ikakeibo2Tests.debug.xcconfig"; sourceTree = "<group>"; };
		A51EC22E7C90BD5CB31CB340 /* Pods-ikakeibo2.release.xcconfig */ = {isa = PBXFileReference; includeInIndex = 1; lastKnownFileType = text.xcconfig; name = "Pods-ikakeibo2.release.xcconfig"; path = "Pods/Target Support Files/Pods-ikakeibo2/Pods-ikakeibo2.release.xcconfig"; sourceTree = "<group>"; };
		B97E66694D1C03D408C1428E /* Pods-ikakeibo2.debug.xcconfig */ = {isa = PBXFileReference; includeInIndex = 1; lastKnownFileType = text.xcconfig; name = "Pods-ikakeibo2.debug.xcconfig"; path = "Pods/Target Support Files/Pods-ikakeibo2/Pods-ikakeibo2.debug.xcconfig"; sourceTree = "<group>"; };
		BC618086276153FF8BA113D8 /* Pods_ikakeibo2UITests.framework */ = {isa = PBXFileReference; explicitFileType = wrapper.framework; includeInIndex = 0; path = Pods_ikakeibo2UITests.framework; sourceTree = BUILT_PRODUCTS_DIR; };
		C63B36193C812CC9C3C8C747 /* Pods_ikakeibo2Tests.framework */ = {isa = PBXFileReference; explicitFileType = wrapper.framework; includeInIndex = 0; path = Pods_ikakeibo2Tests.framework; sourceTree = BUILT_PRODUCTS_DIR; };
		CE025D441EB72B1B00415560 /* IconSelectTableViewController.swift */ = {isa = PBXFileReference; fileEncoding = 4; lastKnownFileType = sourcecode.swift; path = IconSelectTableViewController.swift; sourceTree = "<group>"; };
		CE025D461EB73D5800415560 /* CsvImportViewController.h */ = {isa = PBXFileReference; fileEncoding = 4; lastKnownFileType = sourcecode.c.h; path = CsvImportViewController.h; sourceTree = "<group>"; };
		CE025D471EB73D5800415560 /* CsvImportViewController.m */ = {isa = PBXFileReference; fileEncoding = 4; lastKnownFileType = sourcecode.c.objc; path = CsvImportViewController.m; sourceTree = "<group>"; };
		CE025D491EB73DE600415560 /* CsvFileReader.h */ = {isa = PBXFileReference; fileEncoding = 4; lastKnownFileType = sourcecode.c.h; path = CsvFileReader.h; sourceTree = "<group>"; };
		CE025D4A1EB73DE600415560 /* CsvFileReader.m */ = {isa = PBXFileReference; fileEncoding = 4; lastKnownFileType = sourcecode.c.objc; path = CsvFileReader.m; sourceTree = "<group>"; };
		CE025D4B1EB73DE600415560 /* CsvFileWriter.h */ = {isa = PBXFileReference; fileEncoding = 4; lastKnownFileType = sourcecode.c.h; path = CsvFileWriter.h; sourceTree = "<group>"; };
		CE025D4C1EB73DE600415560 /* CsvFileWriter.m */ = {isa = PBXFileReference; fileEncoding = 4; lastKnownFileType = sourcecode.c.objc; path = CsvFileWriter.m; sourceTree = "<group>"; };
		CE025D4F1EB75E3B00415560 /* ImportCsv.storyboard */ = {isa = PBXFileReference; fileEncoding = 4; lastKnownFileType = file.storyboard; path = ImportCsv.storyboard; sourceTree = "<group>"; };
		CE0597931E9648DC00F84DA7 /* ItemEditTableViewController.swift */ = {isa = PBXFileReference; fileEncoding = 4; lastKnownFileType = sourcecode.swift; path = ItemEditTableViewController.swift; sourceTree = "<group>"; };
		CE0597951E964A9400F84DA7 /* ItemInputCell.swift */ = {isa = PBXFileReference; fileEncoding = 4; lastKnownFileType = sourcecode.swift; path = ItemInputCell.swift; sourceTree = "<group>"; };
		CE0597981E966A9400F84DA7 /* ItemInputTableViewController.swift */ = {isa = PBXFileReference; fileEncoding = 4; lastKnownFileType = sourcecode.swift; path = ItemInputTableViewController.swift; sourceTree = "<group>"; };
		CE076CAD1EB86DA5001B750F /* RealmObjects.swift */ = {isa = PBXFileReference; fileEncoding = 4; lastKnownFileType = sourcecode.swift; path = RealmObjects.swift; sourceTree = "<group>"; };
		CE082A041E9A4D83009FA4B4 /* ShopSelectTableViewController.swift */ = {isa = PBXFileReference; fileEncoding = 4; lastKnownFileType = sourcecode.swift; path = ShopSelectTableViewController.swift; sourceTree = "<group>"; };
		CE082A061E9A599F009FA4B4 /* PaymentSelectTableViewController.swift */ = {isa = PBXFileReference; fileEncoding = 4; lastKnownFileType = sourcecode.swift; path = PaymentSelectTableViewController.swift; sourceTree = "<group>"; };
		CE099BBA1EB8A930004CAD71 /* LoadingView.h */ = {isa = PBXFileReference; fileEncoding = 4; lastKnownFileType = sourcecode.c.h; path = LoadingView.h; sourceTree = "<group>"; };
		CE099BBB1EB8A930004CAD71 /* LoadingView.m */ = {isa = PBXFileReference; fileEncoding = 4; lastKnownFileType = sourcecode.c.objc; path = LoadingView.m; sourceTree = "<group>"; };
		CE0EBAA41E9CF56F00C01358 /* InputAccessoryView.h */ = {isa = PBXFileReference; fileEncoding = 4; lastKnownFileType = sourcecode.c.h; path = InputAccessoryView.h; sourceTree = "<group>"; };
		CE0EBAA51E9CF56F00C01358 /* InputAccessoryView.m */ = {isa = PBXFileReference; fileEncoding = 4; lastKnownFileType = sourcecode.c.objc; path = InputAccessoryView.m; sourceTree = "<group>"; };
		CE0FB3111E8FE01400DB5C4E /* MainTabBarController.swift */ = {isa = PBXFileReference; fileEncoding = 4; lastKnownFileType = sourcecode.swift; path = MainTabBarController.swift; sourceTree = "<group>"; };
		CE1195731ECE48D70011D5CA /* YearsSelectionView.xib */ = {isa = PBXFileReference; fileEncoding = 4; lastKnownFileType = file.xib; path = YearsSelectionView.xib; sourceTree = "<group>"; };
		CE34AC6B1E993E0300AB873C /* ShopSelectCell.swift */ = {isa = PBXFileReference; fileEncoding = 4; lastKnownFileType = sourcecode.swift; path = ShopSelectCell.swift; sourceTree = "<group>"; };
		CE34AC6E1E99497D00AB873C /* PaymentEditTableViewController.swift */ = {isa = PBXFileReference; fileEncoding = 4; lastKnownFileType = sourcecode.swift; path = PaymentEditTableViewController.swift; sourceTree = "<group>"; };
		CE34AC6F1E99497D00AB873C /* PaymentInputCell.swift */ = {isa = PBXFileReference; fileEncoding = 4; lastKnownFileType = sourcecode.swift; path = PaymentInputCell.swift; sourceTree = "<group>"; };
		CE34AC701E99497D00AB873C /* PaymentInputTableViewController.swift */ = {isa = PBXFileReference; fileEncoding = 4; lastKnownFileType = sourcecode.swift; path = PaymentInputTableViewController.swift; sourceTree = "<group>"; };
		CE34AC711E99497D00AB873C /* PaymentSelectCell.swift */ = {isa = PBXFileReference; fileEncoding = 4; lastKnownFileType = sourcecode.swift; path = PaymentSelectCell.swift; sourceTree = "<group>"; };
		CE3773B61ED44C0800960FF3 /* ColorPickViewController.h */ = {isa = PBXFileReference; fileEncoding = 4; lastKnownFileType = sourcecode.c.h; path = ColorPickViewController.h; sourceTree = "<group>"; };
		CE3773B71ED44C0800960FF3 /* ColorPickViewController.m */ = {isa = PBXFileReference; fileEncoding = 4; lastKnownFileType = sourcecode.c.objc; path = ColorPickViewController.m; sourceTree = "<group>"; };
		CE3AD29C1E7B447B00BF3890 /* DHUITextField.h */ = {isa = PBXFileReference; fileEncoding = 4; lastKnownFileType = sourcecode.c.h; path = DHUITextField.h; sourceTree = "<group>"; };
		CE3AD29D1E7B447B00BF3890 /* DHUITextField.m */ = {isa = PBXFileReference; fileEncoding = 4; lastKnownFileType = sourcecode.c.objc; path = DHUITextField.m; sourceTree = "<group>"; };
		CE47A47F1EB8D591005B8CA9 /* MessageUI.framework */ = {isa = PBXFileReference; lastKnownFileType = wrapper.framework; name = MessageUI.framework; path = System/Library/Frameworks/MessageUI.framework; sourceTree = SDKROOT; };
		CE47A4821EB967DD005B8CA9 /* IncomeEditTableViewController.swift */ = {isa = PBXFileReference; fileEncoding = 4; lastKnownFileType = sourcecode.swift; path = IncomeEditTableViewController.swift; sourceTree = "<group>"; };
		CE47A4831EB967DD005B8CA9 /* IncomeInputCell.swift */ = {isa = PBXFileReference; fileEncoding = 4; lastKnownFileType = sourcecode.swift; path = IncomeInputCell.swift; sourceTree = "<group>"; };
		CE47A4841EB967DD005B8CA9 /* IncomeInputTableViewController.swift */ = {isa = PBXFileReference; fileEncoding = 4; lastKnownFileType = sourcecode.swift; path = IncomeInputTableViewController.swift; sourceTree = "<group>"; };
		CE47A4851EB967DD005B8CA9 /* IncomeSelectCell.swift */ = {isa = PBXFileReference; fileEncoding = 4; lastKnownFileType = sourcecode.swift; path = IncomeSelectCell.swift; sourceTree = "<group>"; };
		CE47A4861EB967DD005B8CA9 /* IncomeSelectTableViewController.swift */ = {isa = PBXFileReference; fileEncoding = 4; lastKnownFileType = sourcecode.swift; path = IncomeSelectTableViewController.swift; sourceTree = "<group>"; };
		CE4AB4351ECC331A00EF9BC4 /* Report.storyboard */ = {isa = PBXFileReference; fileEncoding = 4; lastKnownFileType = file.storyboard; path = Report.storyboard; sourceTree = "<group>"; };
		CE53E9621EB834CC00BA7A00 /* CSVExport.swift */ = {isa = PBXFileReference; fileEncoding = 4; lastKnownFileType = sourcecode.swift; path = CSVExport.swift; sourceTree = "<group>"; };
		CE71ADC61ECF246D00EF586A /* YearsSelectionView.swift */ = {isa = PBXFileReference; fileEncoding = 4; lastKnownFileType = sourcecode.swift; path = YearsSelectionView.swift; sourceTree = "<group>"; };
		CE741B111ECC552E003D9487 /* CircleGraphView.swift */ = {isa = PBXFileReference; fileEncoding = 4; lastKnownFileType = sourcecode.swift; path = CircleGraphView.swift; sourceTree = "<group>"; };
		CE745F361E868EFD0086621E /* DHLibrary.m */ = {isa = PBXFileReference; fileEncoding = 4; lastKnownFileType = sourcecode.c.objc; path = DHLibrary.m; sourceTree = "<group>"; };
		CE745F381E868F130086621E /* DHLibrary.h */ = {isa = PBXFileReference; lastKnownFileType = sourcecode.c.h; path = DHLibrary.h; sourceTree = "<group>"; };
		CE745F391E8692A10086621E /* Localizable.strings */ = {isa = PBXFileReference; fileEncoding = 4; lastKnownFileType = text.plist.strings; path = Localizable.strings; sourceTree = "<group>"; };
		CE74CCC31EA80F320077CCCC /* DateExtension.swift */ = {isa = PBXFileReference; fileEncoding = 4; lastKnownFileType = sourcecode.swift; path = DateExtension.swift; sourceTree = "<group>"; };
		CE7A18631EB70BD400E4281C /* iconRed.png */ = {isa = PBXFileReference; lastKnownFileType = image.png; path = iconRed.png; sourceTree = "<group>"; };
		CE7A18651EB710F900E4281C /* iconDefault.png */ = {isa = PBXFileReference; lastKnownFileType = image.png; path = iconDefault.png; sourceTree = "<group>"; };
		CE7A18691EB71A1100E4281C /* iconBlue.png */ = {isa = PBXFileReference; lastKnownFileType = image.png; path = iconBlue.png; sourceTree = "<group>"; };
		CE84FCC91E8D33C90058F367 /* Base */ = {isa = PBXFileReference; lastKnownFileType = file.storyboard; name = Base; path = Base.lproj/CostInput.storyboard; sourceTree = "<group>"; };
		CE9086101ED8596E00CFDE71 /* UIColorExtension.swift */ = {isa = PBXFileReference; fileEncoding = 4; lastKnownFileType = sourcecode.swift; path = UIColorExtension.swift; sourceTree = "<group>"; };
		CEA779E11E93A52300227484 /* ItemSelectCell.swift */ = {isa = PBXFileReference; fileEncoding = 4; lastKnownFileType = sourcecode.swift; path = ItemSelectCell.swift; sourceTree = "<group>"; };
		CEAC170A1E9FA0E800C675DA /* CostList.storyboard */ = {isa = PBXFileReference; fileEncoding = 4; lastKnownFileType = file.storyboard; path = CostList.storyboard; sourceTree = "<group>"; };
		CEAE7ED51E7AC1EA00E19DD7 /* SettingsTableViewController.swift */ = {isa = PBXFileReference; fileEncoding = 4; lastKnownFileType = sourcecode.swift; path = SettingsTableViewController.swift; sourceTree = "<group>"; };
		CEAE7ED71E7AC92900E19DD7 /* ikakeibo2-Bridging-Header.h */ = {isa = PBXFileReference; lastKnownFileType = sourcecode.c.h; path = "ikakeibo2-Bridging-Header.h"; sourceTree = "<group>"; };
		CEBD5E951E789B2200E8B5F2 /* ikakeibo2.app */ = {isa = PBXFileReference; explicitFileType = wrapper.application; includeInIndex = 0; path = ikakeibo2.app; sourceTree = BUILT_PRODUCTS_DIR; };
		CEBD5E981E789B2200E8B5F2 /* AppDelegate.swift */ = {isa = PBXFileReference; lastKnownFileType = sourcecode.swift; path = AppDelegate.swift; sourceTree = "<group>"; };
		CEBD5E9D1E789B2200E8B5F2 /* Base */ = {isa = PBXFileReference; lastKnownFileType = file.storyboard; name = Base; path = Base.lproj/Main.storyboard; sourceTree = "<group>"; };
		CEBD5E9F1E789B2200E8B5F2 /* Assets.xcassets */ = {isa = PBXFileReference; lastKnownFileType = folder.assetcatalog; path = Assets.xcassets; sourceTree = "<group>"; };
		CEBD5EA21E789B2200E8B5F2 /* Base */ = {isa = PBXFileReference; lastKnownFileType = file.storyboard; name = Base; path = Base.lproj/LaunchScreen.storyboard; sourceTree = "<group>"; };
		CEBD5EA41E789B2200E8B5F2 /* Info.plist */ = {isa = PBXFileReference; lastKnownFileType = text.plist.xml; path = Info.plist; sourceTree = "<group>"; };
		CEBD5EA91E789B2200E8B5F2 /* ikakeibo2Tests.xctest */ = {isa = PBXFileReference; explicitFileType = wrapper.cfbundle; includeInIndex = 0; path = ikakeibo2Tests.xctest; sourceTree = BUILT_PRODUCTS_DIR; };
		CEBD5EAD1E789B2200E8B5F2 /* ikakeibo2Tests.swift */ = {isa = PBXFileReference; lastKnownFileType = sourcecode.swift; path = ikakeibo2Tests.swift; sourceTree = "<group>"; };
		CEBD5EAF1E789B2200E8B5F2 /* Info.plist */ = {isa = PBXFileReference; lastKnownFileType = text.plist.xml; path = Info.plist; sourceTree = "<group>"; };
		CEBD5EB41E789B2200E8B5F2 /* ikakeibo2UITests.xctest */ = {isa = PBXFileReference; explicitFileType = wrapper.cfbundle; includeInIndex = 0; path = ikakeibo2UITests.xctest; sourceTree = BUILT_PRODUCTS_DIR; };
		CEBD5EB81E789B2200E8B5F2 /* ikakeibo2UITests.swift */ = {isa = PBXFileReference; lastKnownFileType = sourcecode.swift; path = ikakeibo2UITests.swift; sourceTree = "<group>"; };
		CEBD5EBA1E789B2200E8B5F2 /* Info.plist */ = {isa = PBXFileReference; lastKnownFileType = text.plist.xml; path = Info.plist; sourceTree = "<group>"; };
		CEBD5EC61E789B9900E8B5F2 /* CostTableViewController.swift */ = {isa = PBXFileReference; fileEncoding = 4; lastKnownFileType = sourcecode.swift; path = CostTableViewController.swift; sourceTree = "<group>"; };
		CEBD6E071E85C8C8001E2078 /* RealmDataCenter.swift */ = {isa = PBXFileReference; fileEncoding = 4; lastKnownFileType = sourcecode.swift; path = RealmDataCenter.swift; sourceTree = "<group>"; };
		CEC50C731E90EA8300BB5317 /* CostInputCell.h */ = {isa = PBXFileReference; fileEncoding = 4; lastKnownFileType = sourcecode.c.h; path = CostInputCell.h; sourceTree = "<group>"; };
		CEC50C741E90EA8300BB5317 /* CostInputCell.m */ = {isa = PBXFileReference; fileEncoding = 4; lastKnownFileType = sourcecode.c.objc; path = CostInputCell.m; sourceTree = "<group>"; };
		CEC50C761E9101A100BB5317 /* ItemSelectTableViewController.swift */ = {isa = PBXFileReference; fileEncoding = 4; lastKnownFileType = sourcecode.swift; path = ItemSelectTableViewController.swift; sourceTree = "<group>"; };
		CEE5C9D41E8EA5C000CA2600 /* Settings.storyboard */ = {isa = PBXFileReference; fileEncoding = 4; lastKnownFileType = file.storyboard; path = Settings.storyboard; sourceTree = "<group>"; };
		CEF399451ED790BC006B1748 /* UITableViewControllerExtension.swift */ = {isa = PBXFileReference; fileEncoding = 4; lastKnownFileType = sourcecode.swift; path = UITableViewControllerExtension.swift; sourceTree = "<group>"; };
		CEFAFA681E90B644002D0BF4 /* CostInputTableViewController.swift */ = {isa = PBXFileReference; fileEncoding = 4; lastKnownFileType = sourcecode.swift; path = CostInputTableViewController.swift; sourceTree = "<group>"; };
/* End PBXFileReference section */

/* Begin PBXFrameworksBuildPhase section */
		CEBD5E921E789B2100E8B5F2 /* Frameworks */ = {
			isa = PBXFrameworksBuildPhase;
			buildActionMask = 2147483647;
			files = (
				CE47A4801EB8D591005B8CA9 /* MessageUI.framework in Frameworks */,
				8FEAB93A1A06F938FE596F7B /* Pods_ikakeibo2.framework in Frameworks */,
			);
			runOnlyForDeploymentPostprocessing = 0;
		};
		CEBD5EA61E789B2200E8B5F2 /* Frameworks */ = {
			isa = PBXFrameworksBuildPhase;
			buildActionMask = 2147483647;
			files = (
				A5D3B8CD5A50E1D5C2E5D501 /* Pods_ikakeibo2Tests.framework in Frameworks */,
			);
			runOnlyForDeploymentPostprocessing = 0;
		};
		CEBD5EB11E789B2200E8B5F2 /* Frameworks */ = {
			isa = PBXFrameworksBuildPhase;
			buildActionMask = 2147483647;
			files = (
				D295FAA0060847770BFB075B /* Pods_ikakeibo2UITests.framework in Frameworks */,
			);
			runOnlyForDeploymentPostprocessing = 0;
		};
/* End PBXFrameworksBuildPhase section */

/* Begin PBXGroup section */
		463976C8BA80348517DBCC24 /* Pods */ = {
			isa = PBXGroup;
			children = (
				B97E66694D1C03D408C1428E /* Pods-ikakeibo2.debug.xcconfig */,
				A51EC22E7C90BD5CB31CB340 /* Pods-ikakeibo2.release.xcconfig */,
				9BD1A7861A23627F30B021BD /* Pods-ikakeibo2Tests.debug.xcconfig */,
				61726AE9A99D422586941CC0 /* Pods-ikakeibo2Tests.release.xcconfig */,
				70A0FA4331B6A5B3224E651E /* Pods-ikakeibo2UITests.debug.xcconfig */,
				7A78355DFE6A5C6C9277D764 /* Pods-ikakeibo2UITests.release.xcconfig */,
			);
			name = Pods;
			sourceTree = "<group>";
		};
		7C4683FB9BEF1D6C065D1A57 /* Frameworks */ = {
			isa = PBXGroup;
			children = (
				CE47A47F1EB8D591005B8CA9 /* MessageUI.framework */,
				24513563B810FA678B292733 /* Pods_ikakeibo2.framework */,
				C63B36193C812CC9C3C8C747 /* Pods_ikakeibo2Tests.framework */,
				BC618086276153FF8BA113D8 /* Pods_ikakeibo2UITests.framework */,
			);
			name = Frameworks;
			sourceTree = "<group>";
		};
		8F9F54611E992C8900ACFA80 /* Costs */ = {
			isa = PBXGroup;
			children = (
				CE0EBAA41E9CF56F00C01358 /* InputAccessoryView.h */,
				CE0EBAA51E9CF56F00C01358 /* InputAccessoryView.m */,
				CEC50C731E90EA8300BB5317 /* CostInputCell.h */,
				CEC50C741E90EA8300BB5317 /* CostInputCell.m */,
				CE3AD29C1E7B447B00BF3890 /* DHUITextField.h */,
				CE3AD29D1E7B447B00BF3890 /* DHUITextField.m */,
				CEBD5EC61E789B9900E8B5F2 /* CostTableViewController.swift */,
				CEFAFA681E90B644002D0BF4 /* CostInputTableViewController.swift */,
			);
			name = Costs;
			sourceTree = "<group>";
		};
		8F9F54621E992CAB00ACFA80 /* Data */ = {
			isa = PBXGroup;
			children = (
				CEBD6E071E85C8C8001E2078 /* RealmDataCenter.swift */,
				CE076CAD1EB86DA5001B750F /* RealmObjects.swift */,
			);
			name = Data;
			sourceTree = "<group>";
		};
		8F9F54631E992CDC00ACFA80 /* Storyboards */ = {
			isa = PBXGroup;
			children = (
				CEBD5E9C1E789B2200E8B5F2 /* Main.storyboard */,
				CE025D4F1EB75E3B00415560 /* ImportCsv.storyboard */,
				CEAC170A1E9FA0E800C675DA /* CostList.storyboard */,
				CE84FCC81E8D33C90058F367 /* CostInput.storyboard */,
				CEE5C9D41E8EA5C000CA2600 /* Settings.storyboard */,
				CEBD5EA11E789B2200E8B5F2 /* LaunchScreen.storyboard */,
				8F0800961E9E51BD00075D3C /* CostInputTableSection.storyboard */,
				CE4AB4351ECC331A00EF9BC4 /* Report.storyboard */,
				CE1195731ECE48D70011D5CA /* YearsSelectionView.xib */,
			);
			name = Storyboards;
			sourceTree = "<group>";
		};
		8F9F54641E992EDF00ACFA80 /* Shops */ = {
			isa = PBXGroup;
			children = (
				8F9F54991E992F2E00ACFA80 /* ShopEditTableViewController.swift */,
				CE082A041E9A4D83009FA4B4 /* ShopSelectTableViewController.swift */,
				CE34AC6B1E993E0300AB873C /* ShopSelectCell.swift */,
				8F9F549B1E992F7D00ACFA80 /* ShopInputTableViewController.swift */,
				8F9F549D1E992FEE00ACFA80 /* ShopInputCell.swift */,
			);
			name = Shops;
			sourceTree = "<group>";
		};
		CE025D431EB72B0100415560 /* IconSelect */ = {
			isa = PBXGroup;
			children = (
				CE025D441EB72B1B00415560 /* IconSelectTableViewController.swift */,
			);
			name = IconSelect;
			sourceTree = "<group>";
		};
		CE0597971E966A0B00F84DA7 /* Items */ = {
			isa = PBXGroup;
			children = (
				CE0597931E9648DC00F84DA7 /* ItemEditTableViewController.swift */,
				CEC50C761E9101A100BB5317 /* ItemSelectTableViewController.swift */,
				CEA779E11E93A52300227484 /* ItemSelectCell.swift */,
				CE0597981E966A9400F84DA7 /* ItemInputTableViewController.swift */,
				CE0597951E964A9400F84DA7 /* ItemInputCell.swift */,
			);
			name = Items;
			sourceTree = "<group>";
		};
		CE34AC6D1E99471500AB873C /* Payments */ = {
			isa = PBXGroup;
			children = (
				CE34AC6E1E99497D00AB873C /* PaymentEditTableViewController.swift */,
				CE082A061E9A599F009FA4B4 /* PaymentSelectTableViewController.swift */,
				CE34AC711E99497D00AB873C /* PaymentSelectCell.swift */,
				CE34AC701E99497D00AB873C /* PaymentInputTableViewController.swift */,
				CE34AC6F1E99497D00AB873C /* PaymentInputCell.swift */,
			);
			name = Payments;
			sourceTree = "<group>";
		};
		CE47A4811EB96615005B8CA9 /* Incomes */ = {
			isa = PBXGroup;
			children = (
				CE47A4821EB967DD005B8CA9 /* IncomeEditTableViewController.swift */,
				CE47A4831EB967DD005B8CA9 /* IncomeInputCell.swift */,
				CE47A4841EB967DD005B8CA9 /* IncomeInputTableViewController.swift */,
				CE47A4851EB967DD005B8CA9 /* IncomeSelectCell.swift */,
				CE47A4861EB967DD005B8CA9 /* IncomeSelectTableViewController.swift */,
			);
			name = Incomes;
			sourceTree = "<group>";
		};
		CE741B101ECC5518003D9487 /* Reports */ = {
			isa = PBXGroup;
			children = (
				CE741B111ECC552E003D9487 /* CircleGraphView.swift */,
				8FC4F5E71ECC610D005D3E5A /* ReportViewController.swift */,
				CE71ADC61ECF246D00EF586A /* YearsSelectionView.swift */,
			);
			name = Reports;
			sourceTree = "<group>";
		};
		CE74CCC21EA80EB90077CCCC /* Library */ = {
			isa = PBXGroup;
			children = (
				CE025D491EB73DE600415560 /* CsvFileReader.h */,
				CE025D4A1EB73DE600415560 /* CsvFileReader.m */,
				CE025D4B1EB73DE600415560 /* CsvFileWriter.h */,
				CE025D4C1EB73DE600415560 /* CsvFileWriter.m */,
				CE099BBA1EB8A930004CAD71 /* LoadingView.h */,
				CE099BBB1EB8A930004CAD71 /* LoadingView.m */,
				CE025D461EB73D5800415560 /* CsvImportViewController.h */,
				CE025D471EB73D5800415560 /* CsvImportViewController.m */,
				CE745F381E868F130086621E /* DHLibrary.h */,
				CE745F361E868EFD0086621E /* DHLibrary.m */,
				CE74CCC31EA80F320077CCCC /* DateExtension.swift */,
				CE3773B61ED44C0800960FF3 /* ColorPickViewController.h */,
				CE3773B71ED44C0800960FF3 /* ColorPickViewController.m */,
			);
			name = Library;
			sourceTree = "<group>";
		};
		CEBD5E8C1E789B2100E8B5F2 = {
			isa = PBXGroup;
			children = (
				CEBD5E971E789B2200E8B5F2 /* ikakeibo2 */,
				CEBD5EAC1E789B2200E8B5F2 /* ikakeibo2Tests */,
				CEBD5EB71E789B2200E8B5F2 /* ikakeibo2UITests */,
				CEBD5E961E789B2200E8B5F2 /* Products */,
				463976C8BA80348517DBCC24 /* Pods */,
				7C4683FB9BEF1D6C065D1A57 /* Frameworks */,
			);
			sourceTree = "<group>";
		};
		CEBD5E961E789B2200E8B5F2 /* Products */ = {
			isa = PBXGroup;
			children = (
				CEBD5E951E789B2200E8B5F2 /* ikakeibo2.app */,
				CEBD5EA91E789B2200E8B5F2 /* ikakeibo2Tests.xctest */,
				CEBD5EB41E789B2200E8B5F2 /* ikakeibo2UITests.xctest */,
			);
			name = Products;
			sourceTree = "<group>";
		};
		CEBD5E971E789B2200E8B5F2 /* ikakeibo2 */ = {
			isa = PBXGroup;
			children = (
				CE7A18631EB70BD400E4281C /* iconRed.png */,
				CE7A18651EB710F900E4281C /* iconDefault.png */,
				CE7A18691EB71A1100E4281C /* iconBlue.png */,
				CE745F391E8692A10086621E /* Localizable.strings */,
				CEAE7ED71E7AC92900E19DD7 /* ikakeibo2-Bridging-Header.h */,
				CEBD5E981E789B2200E8B5F2 /* AppDelegate.swift */,
				CEBD5E9F1E789B2200E8B5F2 /* Assets.xcassets */,
				CEBD5EA41E789B2200E8B5F2 /* Info.plist */,
				CE0FB3111E8FE01400DB5C4E /* MainTabBarController.swift */,
				CEAE7ED51E7AC1EA00E19DD7 /* SettingsTableViewController.swift */,
				CE53E9621EB834CC00BA7A00 /* CSVExport.swift */,
				CEF399441ED7908E006B1748 /* Extension */,
				CE741B101ECC5518003D9487 /* Reports */,
				CE025D431EB72B0100415560 /* IconSelect */,
				CE74CCC21EA80EB90077CCCC /* Library */,
				CE34AC6D1E99471500AB873C /* Payments */,
				8F9F54641E992EDF00ACFA80 /* Shops */,
				8F9F54611E992C8900ACFA80 /* Costs */,
				CE47A4811EB96615005B8CA9 /* Incomes */,
				CE0597971E966A0B00F84DA7 /* Items */,
				8F9F54621E992CAB00ACFA80 /* Data */,
				8F9F54631E992CDC00ACFA80 /* Storyboards */,
			);
			path = ikakeibo2;
			sourceTree = "<group>";
		};
		CEBD5EAC1E789B2200E8B5F2 /* ikakeibo2Tests */ = {
			isa = PBXGroup;
			children = (
				CEBD5EAD1E789B2200E8B5F2 /* ikakeibo2Tests.swift */,
				CEBD5EAF1E789B2200E8B5F2 /* Info.plist */,
			);
			path = ikakeibo2Tests;
			sourceTree = "<group>";
		};
		CEBD5EB71E789B2200E8B5F2 /* ikakeibo2UITests */ = {
			isa = PBXGroup;
			children = (
				CEBD5EB81E789B2200E8B5F2 /* ikakeibo2UITests.swift */,
				CEBD5EBA1E789B2200E8B5F2 /* Info.plist */,
			);
			path = ikakeibo2UITests;
			sourceTree = "<group>";
		};
		CEF399441ED7908E006B1748 /* Extension */ = {
			isa = PBXGroup;
			children = (
				CEF399451ED790BC006B1748 /* UITableViewControllerExtension.swift */,
				CE9086101ED8596E00CFDE71 /* UIColorExtension.swift */,
			);
			name = Extension;
			sourceTree = "<group>";
		};
/* End PBXGroup section */

/* Begin PBXNativeTarget section */
		CEBD5E941E789B2100E8B5F2 /* ikakeibo2 */ = {
			isa = PBXNativeTarget;
			buildConfigurationList = CEBD5EBD1E789B2200E8B5F2 /* Build configuration list for PBXNativeTarget "ikakeibo2" */;
			buildPhases = (
				74EAAD9AE221E002326DA8C2 /* [CP] Check Pods Manifest.lock */,
				CEBD5E911E789B2100E8B5F2 /* Sources */,
				CEBD5E921E789B2100E8B5F2 /* Frameworks */,
				CEBD5E931E789B2100E8B5F2 /* Resources */,
				D0132AEEC5E09C85AFB10952 /* [CP] Embed Pods Frameworks */,
				468AA202B699993B147A7DBA /* [CP] Copy Pods Resources */,
			);
			buildRules = (
			);
			dependencies = (
			);
			name = ikakeibo2;
			productName = ikakeibo2;
			productReference = CEBD5E951E789B2200E8B5F2 /* ikakeibo2.app */;
			productType = "com.apple.product-type.application";
		};
		CEBD5EA81E789B2200E8B5F2 /* ikakeibo2Tests */ = {
			isa = PBXNativeTarget;
			buildConfigurationList = CEBD5EC01E789B2200E8B5F2 /* Build configuration list for PBXNativeTarget "ikakeibo2Tests" */;
			buildPhases = (
				67BD1B9D932520D089E739DE /* [CP] Check Pods Manifest.lock */,
				CEBD5EA51E789B2200E8B5F2 /* Sources */,
				CEBD5EA61E789B2200E8B5F2 /* Frameworks */,
				CEBD5EA71E789B2200E8B5F2 /* Resources */,
				F72EC66DF2870DBD775EE0D9 /* [CP] Embed Pods Frameworks */,
				3F76C2128FFDA66A3D6D2B0C /* [CP] Copy Pods Resources */,
			);
			buildRules = (
			);
			dependencies = (
				CEBD5EAB1E789B2200E8B5F2 /* PBXTargetDependency */,
			);
			name = ikakeibo2Tests;
			productName = ikakeibo2Tests;
			productReference = CEBD5EA91E789B2200E8B5F2 /* ikakeibo2Tests.xctest */;
			productType = "com.apple.product-type.bundle.unit-test";
		};
		CEBD5EB31E789B2200E8B5F2 /* ikakeibo2UITests */ = {
			isa = PBXNativeTarget;
			buildConfigurationList = CEBD5EC31E789B2200E8B5F2 /* Build configuration list for PBXNativeTarget "ikakeibo2UITests" */;
			buildPhases = (
				BFDBE138B0BEC0FC7B2A6E80 /* [CP] Check Pods Manifest.lock */,
				CEBD5EB01E789B2200E8B5F2 /* Sources */,
				CEBD5EB11E789B2200E8B5F2 /* Frameworks */,
				CEBD5EB21E789B2200E8B5F2 /* Resources */,
				A042090952B4466348E67A39 /* [CP] Embed Pods Frameworks */,
				B2722B46A1E1C73C26469E54 /* [CP] Copy Pods Resources */,
			);
			buildRules = (
			);
			dependencies = (
				CEBD5EB61E789B2200E8B5F2 /* PBXTargetDependency */,
			);
			name = ikakeibo2UITests;
			productName = ikakeibo2UITests;
			productReference = CEBD5EB41E789B2200E8B5F2 /* ikakeibo2UITests.xctest */;
			productType = "com.apple.product-type.bundle.ui-testing";
		};
/* End PBXNativeTarget section */

/* Begin PBXProject section */
		CEBD5E8D1E789B2100E8B5F2 /* Project object */ = {
			isa = PBXProject;
			attributes = {
				LastSwiftUpdateCheck = 0820;
				LastUpgradeCheck = 0830;
				ORGANIZATIONNAME = touhuSoft;
				TargetAttributes = {
					CEBD5E941E789B2100E8B5F2 = {
						CreatedOnToolsVersion = 8.2.1;
						DevelopmentTeam = RZ6H5DGH7P;
						LastSwiftMigration = 0820;
						ProvisioningStyle = Automatic;
					};
					CEBD5EA81E789B2200E8B5F2 = {
						CreatedOnToolsVersion = 8.2.1;
						DevelopmentTeam = RZ6H5DGH7P;
						ProvisioningStyle = Automatic;
						TestTargetID = CEBD5E941E789B2100E8B5F2;
					};
					CEBD5EB31E789B2200E8B5F2 = {
						CreatedOnToolsVersion = 8.2.1;
						DevelopmentTeam = RZ6H5DGH7P;
						ProvisioningStyle = Automatic;
						TestTargetID = CEBD5E941E789B2100E8B5F2;
					};
				};
			};
			buildConfigurationList = CEBD5E901E789B2100E8B5F2 /* Build configuration list for PBXProject "ikakeibo2" */;
			compatibilityVersion = "Xcode 3.2";
			developmentRegion = English;
			hasScannedForEncodings = 0;
			knownRegions = (
				en,
				Base,
			);
			mainGroup = CEBD5E8C1E789B2100E8B5F2;
			productRefGroup = CEBD5E961E789B2200E8B5F2 /* Products */;
			projectDirPath = "";
			projectRoot = "";
			targets = (
				CEBD5E941E789B2100E8B5F2 /* ikakeibo2 */,
				CEBD5EA81E789B2200E8B5F2 /* ikakeibo2Tests */,
				CEBD5EB31E789B2200E8B5F2 /* ikakeibo2UITests */,
			);
		};
/* End PBXProject section */

/* Begin PBXResourcesBuildPhase section */
		CEBD5E931E789B2100E8B5F2 /* Resources */ = {
			isa = PBXResourcesBuildPhase;
			buildActionMask = 2147483647;
			files = (
				CE7A18661EB710F900E4281C /* iconDefault.png in Resources */,
				CE745F3A1E8692A10086621E /* Localizable.strings in Resources */,
				CEBD5EA31E789B2200E8B5F2 /* LaunchScreen.storyboard in Resources */,
				CEBD5EA01E789B2200E8B5F2 /* Assets.xcassets in Resources */,
				8F0800971E9E51BD00075D3C /* CostInputTableSection.storyboard in Resources */,
				CE7A186A1EB71A1100E4281C /* iconBlue.png in Resources */,
				CE025D501EB75E3B00415560 /* ImportCsv.storyboard in Resources */,
				CE4AB4361ECC331A00EF9BC4 /* Report.storyboard in Resources */,
				CE84FCCA1E8D33C90058F367 /* CostInput.storyboard in Resources */,
				CEBD5E9E1E789B2200E8B5F2 /* Main.storyboard in Resources */,
				CE1195741ECE48D70011D5CA /* YearsSelectionView.xib in Resources */,
				CEE5C9D51E8EA5C000CA2600 /* Settings.storyboard in Resources */,
				CE7A18641EB70BD400E4281C /* iconRed.png in Resources */,
				CEAC170B1E9FA0E800C675DA /* CostList.storyboard in Resources */,
			);
			runOnlyForDeploymentPostprocessing = 0;
		};
		CEBD5EA71E789B2200E8B5F2 /* Resources */ = {
			isa = PBXResourcesBuildPhase;
			buildActionMask = 2147483647;
			files = (
			);
			runOnlyForDeploymentPostprocessing = 0;
		};
		CEBD5EB21E789B2200E8B5F2 /* Resources */ = {
			isa = PBXResourcesBuildPhase;
			buildActionMask = 2147483647;
			files = (
			);
			runOnlyForDeploymentPostprocessing = 0;
		};
/* End PBXResourcesBuildPhase section */

/* Begin PBXShellScriptBuildPhase section */
		3F76C2128FFDA66A3D6D2B0C /* [CP] Copy Pods Resources */ = {
			isa = PBXShellScriptBuildPhase;
			buildActionMask = 2147483647;
			files = (
			);
			inputPaths = (
			);
			name = "[CP] Copy Pods Resources";
			outputPaths = (
			);
			runOnlyForDeploymentPostprocessing = 0;
			shellPath = /bin/sh;
			shellScript = "\"${SRCROOT}/Pods/Target Support Files/Pods-ikakeibo2Tests/Pods-ikakeibo2Tests-resources.sh\"\n";
			showEnvVarsInLog = 0;
		};
		468AA202B699993B147A7DBA /* [CP] Copy Pods Resources */ = {
			isa = PBXShellScriptBuildPhase;
			buildActionMask = 2147483647;
			files = (
			);
			inputPaths = (
			);
			name = "[CP] Copy Pods Resources";
			outputPaths = (
			);
			runOnlyForDeploymentPostprocessing = 0;
			shellPath = /bin/sh;
			shellScript = "\"${SRCROOT}/Pods/Target Support Files/Pods-ikakeibo2/Pods-ikakeibo2-resources.sh\"\n";
			showEnvVarsInLog = 0;
		};
		67BD1B9D932520D089E739DE /* [CP] Check Pods Manifest.lock */ = {
			isa = PBXShellScriptBuildPhase;
			buildActionMask = 2147483647;
			files = (
			);
			inputPaths = (
			);
			name = "[CP] Check Pods Manifest.lock";
			outputPaths = (
			);
			runOnlyForDeploymentPostprocessing = 0;
			shellPath = /bin/sh;
			shellScript = "diff \"${PODS_ROOT}/../Podfile.lock\" \"${PODS_ROOT}/Manifest.lock\" > /dev/null\nif [ $? != 0 ] ; then\n    # print error to STDERR\n    echo \"error: The sandbox is not in sync with the Podfile.lock. Run 'pod install' or update your CocoaPods installation.\" >&2\n    exit 1\nfi\n";
			showEnvVarsInLog = 0;
		};
		74EAAD9AE221E002326DA8C2 /* [CP] Check Pods Manifest.lock */ = {
			isa = PBXShellScriptBuildPhase;
			buildActionMask = 2147483647;
			files = (
			);
			inputPaths = (
			);
			name = "[CP] Check Pods Manifest.lock";
			outputPaths = (
			);
			runOnlyForDeploymentPostprocessing = 0;
			shellPath = /bin/sh;
			shellScript = "diff \"${PODS_ROOT}/../Podfile.lock\" \"${PODS_ROOT}/Manifest.lock\" > /dev/null\nif [ $? != 0 ] ; then\n    # print error to STDERR\n    echo \"error: The sandbox is not in sync with the Podfile.lock. Run 'pod install' or update your CocoaPods installation.\" >&2\n    exit 1\nfi\n";
			showEnvVarsInLog = 0;
		};
		A042090952B4466348E67A39 /* [CP] Embed Pods Frameworks */ = {
			isa = PBXShellScriptBuildPhase;
			buildActionMask = 2147483647;
			files = (
			);
			inputPaths = (
			);
			name = "[CP] Embed Pods Frameworks";
			outputPaths = (
			);
			runOnlyForDeploymentPostprocessing = 0;
			shellPath = /bin/sh;
			shellScript = "\"${SRCROOT}/Pods/Target Support Files/Pods-ikakeibo2UITests/Pods-ikakeibo2UITests-frameworks.sh\"\n";
			showEnvVarsInLog = 0;
		};
		B2722B46A1E1C73C26469E54 /* [CP] Copy Pods Resources */ = {
			isa = PBXShellScriptBuildPhase;
			buildActionMask = 2147483647;
			files = (
			);
			inputPaths = (
			);
			name = "[CP] Copy Pods Resources";
			outputPaths = (
			);
			runOnlyForDeploymentPostprocessing = 0;
			shellPath = /bin/sh;
			shellScript = "\"${SRCROOT}/Pods/Target Support Files/Pods-ikakeibo2UITests/Pods-ikakeibo2UITests-resources.sh\"\n";
			showEnvVarsInLog = 0;
		};
		BFDBE138B0BEC0FC7B2A6E80 /* [CP] Check Pods Manifest.lock */ = {
			isa = PBXShellScriptBuildPhase;
			buildActionMask = 2147483647;
			files = (
			);
			inputPaths = (
			);
			name = "[CP] Check Pods Manifest.lock";
			outputPaths = (
			);
			runOnlyForDeploymentPostprocessing = 0;
			shellPath = /bin/sh;
			shellScript = "diff \"${PODS_ROOT}/../Podfile.lock\" \"${PODS_ROOT}/Manifest.lock\" > /dev/null\nif [ $? != 0 ] ; then\n    # print error to STDERR\n    echo \"error: The sandbox is not in sync with the Podfile.lock. Run 'pod install' or update your CocoaPods installation.\" >&2\n    exit 1\nfi\n";
			showEnvVarsInLog = 0;
		};
		D0132AEEC5E09C85AFB10952 /* [CP] Embed Pods Frameworks */ = {
			isa = PBXShellScriptBuildPhase;
			buildActionMask = 2147483647;
			files = (
			);
			inputPaths = (
			);
			name = "[CP] Embed Pods Frameworks";
			outputPaths = (
			);
			runOnlyForDeploymentPostprocessing = 0;
			shellPath = /bin/sh;
			shellScript = "\"${SRCROOT}/Pods/Target Support Files/Pods-ikakeibo2/Pods-ikakeibo2-frameworks.sh\"\n";
			showEnvVarsInLog = 0;
		};
		F72EC66DF2870DBD775EE0D9 /* [CP] Embed Pods Frameworks */ = {
			isa = PBXShellScriptBuildPhase;
			buildActionMask = 2147483647;
			files = (
			);
			inputPaths = (
			);
			name = "[CP] Embed Pods Frameworks";
			outputPaths = (
			);
			runOnlyForDeploymentPostprocessing = 0;
			shellPath = /bin/sh;
			shellScript = "\"${SRCROOT}/Pods/Target Support Files/Pods-ikakeibo2Tests/Pods-ikakeibo2Tests-frameworks.sh\"\n";
			showEnvVarsInLog = 0;
		};
/* End PBXShellScriptBuildPhase section */

/* Begin PBXSourcesBuildPhase section */
		CEBD5E911E789B2100E8B5F2 /* Sources */ = {
			isa = PBXSourcesBuildPhase;
			buildActionMask = 2147483647;
			files = (
				CE47A4881EB967DD005B8CA9 /* IncomeInputCell.swift in Sources */,
				CE025D4D1EB73DE600415560 /* CsvFileReader.m in Sources */,
				CEA779E21E93A52300227484 /* ItemSelectCell.swift in Sources */,
				CE34AC751E99497D00AB873C /* PaymentSelectCell.swift in Sources */,
				CE025D4E1EB73DE600415560 /* CsvFileWriter.m in Sources */,
				CE47A4871EB967DD005B8CA9 /* IncomeEditTableViewController.swift in Sources */,
				CEF399461ED790BC006B1748 /* UITableViewControllerExtension.swift in Sources */,
				CE47A48B1EB967DD005B8CA9 /* IncomeSelectTableViewController.swift in Sources */,
				CE53E9631EB834CC00BA7A00 /* CSVExport.swift in Sources */,
				CE9086111ED8596E00CFDE71 /* UIColorExtension.swift in Sources */,
				8FC4F5E81ECC610D005D3E5A /* ReportViewController.swift in Sources */,
				CE0EBAA61E9CF56F00C01358 /* InputAccessoryView.m in Sources */,
				8F9F549C1E992F7D00ACFA80 /* ShopInputTableViewController.swift in Sources */,
				CE34AC721E99497D00AB873C /* PaymentEditTableViewController.swift in Sources */,
				CE076CAE1EB86DA5001B750F /* RealmObjects.swift in Sources */,
				CE74CCC41EA80F320077CCCC /* DateExtension.swift in Sources */,
				CE34AC731E99497D00AB873C /* PaymentInputCell.swift in Sources */,
				CE082A071E9A599F009FA4B4 /* PaymentSelectTableViewController.swift in Sources */,
				CE71ADC71ECF246D00EF586A /* YearsSelectionView.swift in Sources */,
				CEBD6E081E85C8C8001E2078 /* RealmDataCenter.swift in Sources */,
				CE47A48A1EB967DD005B8CA9 /* IncomeSelectCell.swift in Sources */,
				CE0597961E964A9400F84DA7 /* ItemInputCell.swift in Sources */,
				CE025D481EB73D5800415560 /* CsvImportViewController.m in Sources */,
				CE0FB3121E8FE01400DB5C4E /* MainTabBarController.swift in Sources */,
				CEAE7ED61E7AC1EA00E19DD7 /* SettingsTableViewController.swift in Sources */,
				CEFAFA691E90B644002D0BF4 /* CostInputTableViewController.swift in Sources */,
				CE0597991E966A9400F84DA7 /* ItemInputTableViewController.swift in Sources */,
				8F9F549E1E992FEE00ACFA80 /* ShopInputCell.swift in Sources */,
				CE34AC741E99497D00AB873C /* PaymentInputTableViewController.swift in Sources */,
				CE34AC6C1E993E0300AB873C /* ShopSelectCell.swift in Sources */,
				CE3AD29E1E7B447B00BF3890 /* DHUITextField.m in Sources */,
				CE082A051E9A4D83009FA4B4 /* ShopSelectTableViewController.swift in Sources */,
				CE741B121ECC552E003D9487 /* CircleGraphView.swift in Sources */,
				CE0597941E9648DC00F84DA7 /* ItemEditTableViewController.swift in Sources */,
				CE025D451EB72B1B00415560 /* IconSelectTableViewController.swift in Sources */,
				8F9F549A1E992F2E00ACFA80 /* ShopEditTableViewController.swift in Sources */,
				CE47A4891EB967DD005B8CA9 /* IncomeInputTableViewController.swift in Sources */,
				CE3773B81ED44C0800960FF3 /* ColorPickViewController.m in Sources */,
				CEBD5EC71E789B9900E8B5F2 /* CostTableViewController.swift in Sources */,
				CE099BBC1EB8A930004CAD71 /* LoadingView.m in Sources */,
				CEC50C771E9101A100BB5317 /* ItemSelectTableViewController.swift in Sources */,
				CEBD5E991E789B2200E8B5F2 /* AppDelegate.swift in Sources */,
				CE745F371E868EFD0086621E /* DHLibrary.m in Sources */,
				CEC50C751E90EA8300BB5317 /* CostInputCell.m in Sources */,
			);
			runOnlyForDeploymentPostprocessing = 0;
		};
		CEBD5EA51E789B2200E8B5F2 /* Sources */ = {
			isa = PBXSourcesBuildPhase;
			buildActionMask = 2147483647;
			files = (
				CEBD5EAE1E789B2200E8B5F2 /* ikakeibo2Tests.swift in Sources */,
			);
			runOnlyForDeploymentPostprocessing = 0;
		};
		CEBD5EB01E789B2200E8B5F2 /* Sources */ = {
			isa = PBXSourcesBuildPhase;
			buildActionMask = 2147483647;
			files = (
				CEBD5EB91E789B2200E8B5F2 /* ikakeibo2UITests.swift in Sources */,
			);
			runOnlyForDeploymentPostprocessing = 0;
		};
/* End PBXSourcesBuildPhase section */

/* Begin PBXTargetDependency section */
		CEBD5EAB1E789B2200E8B5F2 /* PBXTargetDependency */ = {
			isa = PBXTargetDependency;
			target = CEBD5E941E789B2100E8B5F2 /* ikakeibo2 */;
			targetProxy = CEBD5EAA1E789B2200E8B5F2 /* PBXContainerItemProxy */;
		};
		CEBD5EB61E789B2200E8B5F2 /* PBXTargetDependency */ = {
			isa = PBXTargetDependency;
			target = CEBD5E941E789B2100E8B5F2 /* ikakeibo2 */;
			targetProxy = CEBD5EB51E789B2200E8B5F2 /* PBXContainerItemProxy */;
		};
/* End PBXTargetDependency section */

/* Begin PBXVariantGroup section */
		CE84FCC81E8D33C90058F367 /* CostInput.storyboard */ = {
			isa = PBXVariantGroup;
			children = (
				CE84FCC91E8D33C90058F367 /* Base */,
			);
			name = CostInput.storyboard;
			sourceTree = "<group>";
		};
		CEBD5E9C1E789B2200E8B5F2 /* Main.storyboard */ = {
			isa = PBXVariantGroup;
			children = (
				CEBD5E9D1E789B2200E8B5F2 /* Base */,
			);
			name = Main.storyboard;
			sourceTree = "<group>";
		};
		CEBD5EA11E789B2200E8B5F2 /* LaunchScreen.storyboard */ = {
			isa = PBXVariantGroup;
			children = (
				CEBD5EA21E789B2200E8B5F2 /* Base */,
			);
			name = LaunchScreen.storyboard;
			sourceTree = "<group>";
		};
/* End PBXVariantGroup section */

/* Begin XCBuildConfiguration section */
		CEBD5EBB1E789B2200E8B5F2 /* Debug */ = {
			isa = XCBuildConfiguration;
			buildSettings = {
				ALWAYS_SEARCH_USER_PATHS = NO;
				CLANG_ANALYZER_NONNULL = YES;
				CLANG_CXX_LANGUAGE_STANDARD = "gnu++0x";
				CLANG_CXX_LIBRARY = "libc++";
				CLANG_ENABLE_MODULES = YES;
				CLANG_ENABLE_OBJC_ARC = YES;
				CLANG_WARN_BOOL_CONVERSION = YES;
				CLANG_WARN_CONSTANT_CONVERSION = YES;
				CLANG_WARN_DIRECT_OBJC_ISA_USAGE = YES_ERROR;
				CLANG_WARN_DOCUMENTATION_COMMENTS = YES;
				CLANG_WARN_EMPTY_BODY = YES;
				CLANG_WARN_ENUM_CONVERSION = YES;
				CLANG_WARN_INFINITE_RECURSION = YES;
				CLANG_WARN_INT_CONVERSION = YES;
				CLANG_WARN_OBJC_ROOT_CLASS = YES_ERROR;
				CLANG_WARN_SUSPICIOUS_MOVE = YES;
				CLANG_WARN_UNREACHABLE_CODE = YES;
				CLANG_WARN__DUPLICATE_METHOD_MATCH = YES;
				"CODE_SIGN_IDENTITY[sdk=iphoneos*]" = "iPhone Developer";
				COPY_PHASE_STRIP = NO;
				DEBUG_INFORMATION_FORMAT = dwarf;
				ENABLE_STRICT_OBJC_MSGSEND = YES;
				ENABLE_TESTABILITY = YES;
				GCC_C_LANGUAGE_STANDARD = gnu99;
				GCC_DYNAMIC_NO_PIC = NO;
				GCC_NO_COMMON_BLOCKS = YES;
				GCC_OPTIMIZATION_LEVEL = 0;
				GCC_PREPROCESSOR_DEFINITIONS = (
					"DEBUG=1",
					"$(inherited)",
				);
				GCC_WARN_64_TO_32_BIT_CONVERSION = YES;
				GCC_WARN_ABOUT_RETURN_TYPE = YES_ERROR;
				GCC_WARN_UNDECLARED_SELECTOR = YES;
				GCC_WARN_UNINITIALIZED_AUTOS = YES_AGGRESSIVE;
				GCC_WARN_UNUSED_FUNCTION = YES;
				GCC_WARN_UNUSED_VARIABLE = YES;
				IPHONEOS_DEPLOYMENT_TARGET = 10.2;
				MTL_ENABLE_DEBUG_INFO = YES;
				ONLY_ACTIVE_ARCH = YES;
				SDKROOT = iphoneos;
				SWIFT_ACTIVE_COMPILATION_CONDITIONS = DEBUG;
				SWIFT_OPTIMIZATION_LEVEL = "-Onone";
				TARGETED_DEVICE_FAMILY = "1,2";
			};
			name = Debug;
		};
		CEBD5EBC1E789B2200E8B5F2 /* Release */ = {
			isa = XCBuildConfiguration;
			buildSettings = {
				ALWAYS_SEARCH_USER_PATHS = NO;
				CLANG_ANALYZER_NONNULL = YES;
				CLANG_CXX_LANGUAGE_STANDARD = "gnu++0x";
				CLANG_CXX_LIBRARY = "libc++";
				CLANG_ENABLE_MODULES = YES;
				CLANG_ENABLE_OBJC_ARC = YES;
				CLANG_WARN_BOOL_CONVERSION = YES;
				CLANG_WARN_CONSTANT_CONVERSION = YES;
				CLANG_WARN_DIRECT_OBJC_ISA_USAGE = YES_ERROR;
				CLANG_WARN_DOCUMENTATION_COMMENTS = YES;
				CLANG_WARN_EMPTY_BODY = YES;
				CLANG_WARN_ENUM_CONVERSION = YES;
				CLANG_WARN_INFINITE_RECURSION = YES;
				CLANG_WARN_INT_CONVERSION = YES;
				CLANG_WARN_OBJC_ROOT_CLASS = YES_ERROR;
				CLANG_WARN_SUSPICIOUS_MOVE = YES;
				CLANG_WARN_UNREACHABLE_CODE = YES;
				CLANG_WARN__DUPLICATE_METHOD_MATCH = YES;
				"CODE_SIGN_IDENTITY[sdk=iphoneos*]" = "iPhone Developer";
				COPY_PHASE_STRIP = NO;
				DEBUG_INFORMATION_FORMAT = "dwarf-with-dsym";
				ENABLE_NS_ASSERTIONS = NO;
				ENABLE_STRICT_OBJC_MSGSEND = YES;
				GCC_C_LANGUAGE_STANDARD = gnu99;
				GCC_NO_COMMON_BLOCKS = YES;
				GCC_WARN_64_TO_32_BIT_CONVERSION = YES;
				GCC_WARN_ABOUT_RETURN_TYPE = YES_ERROR;
				GCC_WARN_UNDECLARED_SELECTOR = YES;
				GCC_WARN_UNINITIALIZED_AUTOS = YES_AGGRESSIVE;
				GCC_WARN_UNUSED_FUNCTION = YES;
				GCC_WARN_UNUSED_VARIABLE = YES;
				IPHONEOS_DEPLOYMENT_TARGET = 10.2;
				MTL_ENABLE_DEBUG_INFO = NO;
				SDKROOT = iphoneos;
				SWIFT_OPTIMIZATION_LEVEL = "-Owholemodule";
				TARGETED_DEVICE_FAMILY = "1,2";
				VALIDATE_PRODUCT = YES;
			};
			name = Release;
		};
		CEBD5EBE1E789B2200E8B5F2 /* Debug */ = {
			isa = XCBuildConfiguration;
			baseConfigurationReference = B97E66694D1C03D408C1428E /* Pods-ikakeibo2.debug.xcconfig */;
			buildSettings = {
				ALWAYS_EMBED_SWIFT_STANDARD_LIBRARIES = YES;
				ASSETCATALOG_COMPILER_APPICON_NAME = AppIcon;
				CLANG_ENABLE_MODULES = YES;
				DEVELOPMENT_TEAM = RZ6H5DGH7P;
				INFOPLIST_FILE = ikakeibo2/Info.plist;
				IPHONEOS_DEPLOYMENT_TARGET = 10.3;
				LD_RUNPATH_SEARCH_PATHS = "$(inherited) @executable_path/Frameworks";
				PRODUCT_BUNDLE_IDENTIFIER = com.mashupnext.ikakeibo2;
				PRODUCT_NAME = "$(TARGET_NAME)";
				SWIFT_OBJC_BRIDGING_HEADER = "ikakeibo2/ikakeibo2-Bridging-Header.h";
				SWIFT_OPTIMIZATION_LEVEL = "-Onone";
				SWIFT_VERSION = 3.0;
			};
			name = Debug;
		};
		CEBD5EBF1E789B2200E8B5F2 /* Release */ = {
			isa = XCBuildConfiguration;
			baseConfigurationReference = A51EC22E7C90BD5CB31CB340 /* Pods-ikakeibo2.release.xcconfig */;
			buildSettings = {
				ALWAYS_EMBED_SWIFT_STANDARD_LIBRARIES = YES;
				ASSETCATALOG_COMPILER_APPICON_NAME = AppIcon;
				CLANG_ENABLE_MODULES = YES;
				DEVELOPMENT_TEAM = RZ6H5DGH7P;
				INFOPLIST_FILE = ikakeibo2/Info.plist;
				IPHONEOS_DEPLOYMENT_TARGET = 10.3;
				LD_RUNPATH_SEARCH_PATHS = "$(inherited) @executable_path/Frameworks";
				PRODUCT_BUNDLE_IDENTIFIER = com.mashupnext.ikakeibo2;
				PRODUCT_NAME = "$(TARGET_NAME)";
				SWIFT_OBJC_BRIDGING_HEADER = "ikakeibo2/ikakeibo2-Bridging-Header.h";
				SWIFT_VERSION = 3.0;
			};
			name = Release;
		};
		CEBD5EC11E789B2200E8B5F2 /* Debug */ = {
			isa = XCBuildConfiguration;
			baseConfigurationReference = 9BD1A7861A23627F30B021BD /* Pods-ikakeibo2Tests.debug.xcconfig */;
			buildSettings = {
				ALWAYS_EMBED_SWIFT_STANDARD_LIBRARIES = YES;
				BUNDLE_LOADER = "$(TEST_HOST)";
				DEVELOPMENT_TEAM = RZ6H5DGH7P;
				INFOPLIST_FILE = ikakeibo2Tests/Info.plist;
				LD_RUNPATH_SEARCH_PATHS = "$(inherited) @executable_path/Frameworks @loader_path/Frameworks";
				PRODUCT_BUNDLE_IDENTIFIER = com.mashupnext.ikakeibo2Tests;
				PRODUCT_NAME = "$(TARGET_NAME)";
				SWIFT_VERSION = 3.0;
				TEST_HOST = "$(BUILT_PRODUCTS_DIR)/ikakeibo2.app/ikakeibo2";
			};
			name = Debug;
		};
		CEBD5EC21E789B2200E8B5F2 /* Release */ = {
			isa = XCBuildConfiguration;
			baseConfigurationReference = 61726AE9A99D422586941CC0 /* Pods-ikakeibo2Tests.release.xcconfig */;
			buildSettings = {
				ALWAYS_EMBED_SWIFT_STANDARD_LIBRARIES = YES;
				BUNDLE_LOADER = "$(TEST_HOST)";
				DEVELOPMENT_TEAM = RZ6H5DGH7P;
				INFOPLIST_FILE = ikakeibo2Tests/Info.plist;
				LD_RUNPATH_SEARCH_PATHS = "$(inherited) @executable_path/Frameworks @loader_path/Frameworks";
				PRODUCT_BUNDLE_IDENTIFIER = com.mashupnext.ikakeibo2Tests;
				PRODUCT_NAME = "$(TARGET_NAME)";
				SWIFT_VERSION = 3.0;
				TEST_HOST = "$(BUILT_PRODUCTS_DIR)/ikakeibo2.app/ikakeibo2";
			};
			name = Release;
		};
		CEBD5EC41E789B2200E8B5F2 /* Debug */ = {
			isa = XCBuildConfiguration;
			baseConfigurationReference = 70A0FA4331B6A5B3224E651E /* Pods-ikakeibo2UITests.debug.xcconfig */;
			buildSettings = {
				ALWAYS_EMBED_SWIFT_STANDARD_LIBRARIES = YES;
				DEVELOPMENT_TEAM = RZ6H5DGH7P;
				INFOPLIST_FILE = ikakeibo2UITests/Info.plist;
				LD_RUNPATH_SEARCH_PATHS = "$(inherited) @executable_path/Frameworks @loader_path/Frameworks";
				PRODUCT_BUNDLE_IDENTIFIER = com.mashupnext.ikakeibo2UITests;
				PRODUCT_NAME = "$(TARGET_NAME)";
				SWIFT_VERSION = 3.0;
				TEST_TARGET_NAME = ikakeibo2;
			};
			name = Debug;
		};
		CEBD5EC51E789B2200E8B5F2 /* Release */ = {
			isa = XCBuildConfiguration;
			baseConfigurationReference = 7A78355DFE6A5C6C9277D764 /* Pods-ikakeibo2UITests.release.xcconfig */;
			buildSettings = {
				ALWAYS_EMBED_SWIFT_STANDARD_LIBRARIES = YES;
				DEVELOPMENT_TEAM = RZ6H5DGH7P;
				INFOPLIST_FILE = ikakeibo2UITests/Info.plist;
				LD_RUNPATH_SEARCH_PATHS = "$(inherited) @executable_path/Frameworks @loader_path/Frameworks";
				PRODUCT_BUNDLE_IDENTIFIER = com.mashupnext.ikakeibo2UITests;
				PRODUCT_NAME = "$(TARGET_NAME)";
				SWIFT_VERSION = 3.0;
				TEST_TARGET_NAME = ikakeibo2;
			};
			name = Release;
		};
/* End XCBuildConfiguration section */

/* Begin XCConfigurationList section */
		CEBD5E901E789B2100E8B5F2 /* Build configuration list for PBXProject "ikakeibo2" */ = {
			isa = XCConfigurationList;
			buildConfigurations = (
				CEBD5EBB1E789B2200E8B5F2 /* Debug */,
				CEBD5EBC1E789B2200E8B5F2 /* Release */,
			);
			defaultConfigurationIsVisible = 0;
			defaultConfigurationName = Release;
		};
		CEBD5EBD1E789B2200E8B5F2 /* Build configuration list for PBXNativeTarget "ikakeibo2" */ = {
			isa = XCConfigurationList;
			buildConfigurations = (
				CEBD5EBE1E789B2200E8B5F2 /* Debug */,
				CEBD5EBF1E789B2200E8B5F2 /* Release */,
			);
			defaultConfigurationIsVisible = 0;
			defaultConfigurationName = Release;
		};
		CEBD5EC01E789B2200E8B5F2 /* Build configuration list for PBXNativeTarget "ikakeibo2Tests" */ = {
			isa = XCConfigurationList;
			buildConfigurations = (
				CEBD5EC11E789B2200E8B5F2 /* Debug */,
				CEBD5EC21E789B2200E8B5F2 /* Release */,
			);
			defaultConfigurationIsVisible = 0;
			defaultConfigurationName = Release;
		};
		CEBD5EC31E789B2200E8B5F2 /* Build configuration list for PBXNativeTarget "ikakeibo2UITests" */ = {
			isa = XCConfigurationList;
			buildConfigurations = (
				CEBD5EC41E789B2200E8B5F2 /* Debug */,
				CEBD5EC51E789B2200E8B5F2 /* Release */,
			);
			defaultConfigurationIsVisible = 0;
			defaultConfigurationName = Release;
		};
/* End XCConfigurationList section */
	};
	rootObject = CEBD5E8D1E789B2100E8B5F2 /* Project object */;
}
